<?xml version="1.0" encoding="utf-8"?>
<Project ToolsVersion="4.0" xmlns="http://schemas.microsoft.com/developer/msbuild/2003">
  <ItemGroup>
    <Filter Include="Frontend">
      <UniqueIdentifier>{a2e0d1de-0f9b-4400-a998-0a0d705a4fb6}</UniqueIdentifier>
    </Filter>
    <Filter Include="Backend">
      <UniqueIdentifier>{4b13d075-ac85-49c9-9e3c-1f729a97cabd}</UniqueIdentifier>
    </Filter>
  </ItemGroup>
  <ItemGroup>
    <ClCompile Include="..\..\..\sources\gui\dialogs\AnalysisResultsDialog.cpp">
      <Filter>Frontend</Filter>
    </ClCompile>
    <ClCompile Include="..\..\..\sources\gui\dialogs\AnalysisSettingsDialog.cpp">
      <Filter>Frontend</Filter>
    </ClCompile>
    <ClCompile Include="..\..\..\sources\gui\dialogs\AnnotationDialog.cpp">
      <Filter>Frontend</Filter>
    </ClCompile>
    <ClCompile Include="..\..\..\sources\gui\app\Application.cpp">
      <Filter>Frontend</Filter>
    </ClCompile>
    <ClCompile Include="..\..\..\sources\gui\pictures\AreaFunctionPicture.cpp">
      <Filter>Frontend</Filter>
    </ClCompile>
    <ClCompile Include="..\..\..\sources\gui\pictures\BasicPicture.cpp">
      <Filter>Frontend</Filter>
    </ClCompile>
    <ClCompile Include="..\..\..\sources\gui\graphing\ColorScale.cpp">
      <Filter>Frontend</Filter>
    </ClCompile>
    <ClCompile Include="..\..\..\sources\gui\pictures\CrossSectionPicture.cpp">
      <Filter>Frontend</Filter>
    </ClCompile>
    <ClCompile Include="..\..\..\sources\gui\app\Data.cpp">
      <Filter>Frontend</Filter>
    </ClCompile>
    <ClCompile Include="..\..\..\sources\gui\dialogs\FdsOptionsDialog.cpp">
      <Filter>Frontend</Filter>
    </ClCompile>
    <ClCompile Include="..\..\..\sources\gui\pages\GesturalScorePage.cpp">
      <Filter>Frontend</Filter>
    </ClCompile>
    <ClCompile Include="..\..\..\sources\gui\pictures\GesturalScorePicture.cpp">
      <Filter>Frontend</Filter>
    </ClCompile>
    <ClCompile Include="..\..\..\sources\gui\dialogs\GlottisDialog.cpp">
      <Filter>Frontend</Filter>
    </ClCompile>
    <ClCompile Include="..\..\..\sources\gui\dialogs\GlottisPanel.cpp">
      <Filter>Frontend</Filter>
    </ClCompile>
    <ClCompile Include="..\..\..\sources\gui\pictures\GlottisPicture.cpp">
      <Filter>Frontend</Filter>
    </ClCompile>
    <ClCompile Include="..\..\..\sources\gui\graphing\Graph.cpp">
      <Filter>Frontend</Filter>
    </ClCompile>
    <ClCompile Include="..\..\..\sources\gui\dialogs\LfPulseDialog.cpp">
      <Filter>Frontend</Filter>
    </ClCompile>
    <ClCompile Include="..\..\..\sources\gui\pictures\LfPulsePicture.cpp">
      <Filter>Frontend</Filter>
    </ClCompile>
    <ClCompile Include="..\..\..\sources\gui\app\MainWindow.cpp">
      <Filter>Frontend</Filter>
    </ClCompile>
    <ClCompile Include="..\..\..\sources\gui\dialogs\PhoneticParamsDialog.cpp">
      <Filter>Frontend</Filter>
    </ClCompile>
    <ClCompile Include="..\..\..\sources\gui\dialogs\PoleZeroDialog.cpp">
      <Filter>Frontend</Filter>
    </ClCompile>
    <ClCompile Include="..\..\..\sources\gui\pictures\PoleZeroPlot.cpp">
      <Filter>Frontend</Filter>
    </ClCompile>
    <ClCompile Include="..\..\..\sources\gui\pictures\SignalComparisonPicture.cpp">
      <Filter>Frontend</Filter>
    </ClCompile>
    <ClCompile Include="..\..\..\sources\gui\pages\SignalPage.cpp">
      <Filter>Frontend</Filter>
    </ClCompile>
    <ClCompile Include="..\..\..\sources\gui\pictures\SignalPicture.cpp">
      <Filter>Frontend</Filter>
    </ClCompile>
    <ClCompile Include="..\..\..\sources\gui\util\SilentMessageBox.cpp">
      <Filter>Frontend</Filter>
    </ClCompile>
    <ClCompile Include="..\..\..\sources\gui\pictures\SimpleSpectrumPicture.cpp">
      <Filter>Frontend</Filter>
    </ClCompile>
    <ClCompile Include="..\..\..\sources\gui\pictures\SpectrogramPicture.cpp">
      <Filter>Frontend</Filter>
    </ClCompile>
    <ClCompile Include="..\..\..\sources\gui\graphing\SpectrogramPlot.cpp">
      <Filter>Frontend</Filter>
    </ClCompile>
    <ClCompile Include="..\..\..\sources\gui\dialogs\SpectrumOptionsDialog.cpp">
      <Filter>Frontend</Filter>
    </ClCompile>
    <ClCompile Include="..\..\..\sources\gui\pictures\SpectrumPicture.cpp">
      <Filter>Frontend</Filter>
    </ClCompile>
    <ClCompile Include="..\..\..\sources\gui\app\SynthesisThread.cpp">
      <Filter>Frontend</Filter>
    </ClCompile>
    <ClCompile Include="..\..\..\sources\gui\dialogs\TdsOptionsDialog.cpp">
      <Filter>Frontend</Filter>
    </ClCompile>
    <ClCompile Include="..\..\..\sources\gui\pages\TdsPage.cpp">
      <Filter>Frontend</Filter>
    </ClCompile>
    <ClCompile Include="..\..\..\sources\gui\pictures\TdsSpatialSignalPicture.cpp">
      <Filter>Frontend</Filter>
    </ClCompile>
    <ClCompile Include="..\..\..\sources\gui\pictures\TdsTimeSignalPicture.cpp">
      <Filter>Frontend</Filter>
    </ClCompile>
    <ClCompile Include="..\..\..\sources\gui\pictures\TdsTubePicture.cpp">
      <Filter>Frontend</Filter>
    </ClCompile>
    <ClCompile Include="..\..\..\sources\gui\pictures\TimeAxisPicture.cpp">
      <Filter>Frontend</Filter>
    </ClCompile>
    <ClCompile Include="..\..\..\sources\gui\dialogs\VocalTractDialog.cpp">
      <Filter>Frontend</Filter>
    </ClCompile>
    <ClCompile Include="..\..\..\sources\gui\pages\VocalTractPage.cpp">
      <Filter>Frontend</Filter>
    </ClCompile>
    <ClCompile Include="..\..\..\sources\gui\pictures\VocalTractPicture.cpp">
      <Filter>Frontend</Filter>
    </ClCompile>
    <ClCompile Include="..\..\..\sources\gui\dialogs\VocalTractShapesDialog.cpp">
      <Filter>Frontend</Filter>
    </ClCompile>
    <ClCompile Include="..\..\..\sources\vtl\anatomy\AnatomyParams.cpp">
      <Filter>Backend</Filter>
    </ClCompile>
    <ClCompile Include="..\..\..\sources\vtl\dsp\Dsp.cpp">
      <Filter>Backend</Filter>
    </ClCompile>
    <ClCompile Include="..\..\..\sources\vtl\analysis\F0EstimatorYin.cpp">
      <Filter>Backend</Filter>
    </ClCompile>
    <ClCompile Include="..\..\..\sources\vtl\core\Geometry.cpp">
      <Filter>Backend</Filter>
    </ClCompile>
    <ClCompile Include="..\..\..\sources\vtl\synthesis\GesturalScore.cpp">
      <Filter>Backend</Filter>
    </ClCompile>
    <ClCompile Include="..\..\..\sources\vtl\glottis\Glottis.cpp">
      <Filter>Backend</Filter>
    </ClCompile>
    <ClCompile Include="..\..\..\sources\vtl\dsp\IirFilter.cpp">
      <Filter>Backend</Filter>
    </ClCompile>
    <ClCompile Include="..\..\..\sources\vtl\glottis\LfPulse.cpp">
      <Filter>Backend</Filter>
    </ClCompile>
    <ClCompile Include="..\..\..\sources\vtl\core\Matrix2x2.cpp">
      <Filter>Backend</Filter>
    </ClCompile>
    <ClCompile Include="..\..\..\sources\vtl\analysis\PoleZeroPlan.cpp">
      <Filter>Backend</Filter>
    </ClCompile>
    <ClCompile Include="..\..\..\sources\vtl\phonetics\Sampa.cpp">
      <Filter>Backend</Filter>
    </ClCompile>
    <ClCompile Include="..\..\..\sources\vtl\phonetics\SegmentSequence.cpp">
      <Filter>Backend</Filter>
    </ClCompile>
    <ClCompile Include="..\..\..\sources\vtl\dsp\Signal.cpp">
      <Filter>Backend</Filter>
    </ClCompile>
    <ClCompile Include="..\..\..\sources\vtl\io\SoundLib.cpp">
      <Filter>Backend</Filter>
    </ClCompile>
    <ClCompile Include="..\..\..\sources\vtl\anatomy\Splines.cpp">
      <Filter>Backend</Filter>
    </ClCompile>
    <ClCompile Include="..\..\..\sources\vtl\synthesis\StaticPhone.cpp">
      <Filter>Backend</Filter>
    </ClCompile>
    <ClCompile Include="..\..\..\sources\vtl\anatomy\Surface.cpp">
      <Filter>Backend</Filter>
    </ClCompile>
    <ClCompile Include="..\..\..\sources\vtl\acoustics\TdsModel.cpp">
      <Filter>Backend</Filter>
    </ClCompile>
    <ClCompile Include="..\..\..\sources\vtl\core\TimeFunction.cpp">
      <Filter>Backend</Filter>
    </ClCompile>
    <ClCompile Include="..\..\..\sources\vtl\acoustics\TlModel.cpp">
      <Filter>Backend</Filter>
    </ClCompile>
    <ClCompile Include="..\..\..\sources\vtl\glottis\TriangularGlottis.cpp">
      <Filter>Backend</Filter>
    </ClCompile>
    <ClCompile Include="..\..\..\sources\vtl\acoustics\Tube.cpp">
      <Filter>Backend</Filter>
    </ClCompile>
    <ClCompile Include="..\..\..\sources\vtl\anatomy\VocalTract.cpp">
      <Filter>Backend</Filter>
    </ClCompile>
    <ClCompile Include="..\..\..\sources\vtl\analysis\VoiceQualityEstimator.cpp">
      <Filter>Backend</Filter>
    </ClCompile>
    <ClCompile Include="..\..\..\sources\vtl\io\XmlHelper.cpp">
      <Filter>Backend</Filter>
    </ClCompile>
    <ClCompile Include="..\..\..\sources\vtl\io\XmlNode.cpp">
      <Filter>Backend</Filter>
    </ClCompile>
    <ClCompile Include="..\..\..\sources\gui\dialogs\TransitionDialog.cpp">
      <Filter>Frontend</Filter>
    </ClCompile>
    <ClCompile Include="..\..\..\sources\gui\dialogs\FormantOptimizationDialog.cpp">
      <Filter>Frontend</Filter>
    </ClCompile>
    <ClCompile Include="..\..\..\sources\gui\dialogs\EmaConfigDialog.cpp">
      <Filter>Frontend</Filter>
    </ClCompile>
    <ClCompile Include="..\..\..\sources\gui\dialogs\AnatomyParamsDialog.cpp">
      <Filter>Frontend</Filter>
    </ClCompile>
    <ClCompile Include="..\..\..\sources\vtl\api\VocalTractLabApi.cpp">
      <Filter>Backend</Filter>
    </ClCompile>
    <ClCompile Include="..\..\..\sources\vtl\synthesis\Synthesizer.cpp">
      <Filter>Backend</Filter>
    </ClCompile>
    <ClCompile Include="..\..\..\sources\vtl\core\Constants.cpp">
      <Filter>Backend</Filter>
    </ClCompile>
    <ClCompile Include="..\..\..\sources\vtl\glottis\GeometricGlottis2019.cpp">
      <Filter>Backend</Filter>
    </ClCompile>
    <ClCompile Include="..\..\..\sources\vtl\glottis\GeometricGlottis2025.cpp">
      <Filter>Backend</Filter>
    </ClCompile>
  </ItemGroup>
  <ItemGroup>
    <ClInclude Include="..\..\..\sources\gui\dialogs\AnalysisResultsDialog.h">
      <Filter>Frontend</Filter>
    </ClInclude>
    <ClInclude Include="..\..\..\sources\gui\dialogs\AnalysisSettingsDialog.h">
      <Filter>Frontend</Filter>
    </ClInclude>
    <ClInclude Include="..\..\..\sources\gui\dialogs\AnnotationDialog.h">
      <Filter>Frontend</Filter>
    </ClInclude>
    <ClInclude Include="..\..\..\sources\gui\app\Application.h">
      <Filter>Frontend</Filter>
    </ClInclude>
    <ClInclude Include="..\..\..\sources\gui\pictures\AreaFunctionPicture.h">
      <Filter>Frontend</Filter>
    </ClInclude>
    <ClInclude Include="..\..\..\sources\gui\pictures\BasicPicture.h">
      <Filter>Frontend</Filter>
    </ClInclude>
    <ClInclude Include="..\..\..\sources\gui\graphing\ColorScale.h">
      <Filter>Frontend</Filter>
    </ClInclude>
    <ClInclude Include="..\..\..\sources\gui\pictures\CrossSectionPicture.h">
      <Filter>Frontend</Filter>
    </ClInclude>
    <ClInclude Include="..\..\..\sources\gui\app\Data.h">
      <Filter>Frontend</Filter>
    </ClInclude>
    <ClInclude Include="..\..\..\sources\gui\dialogs\FdsOptionsDialog.h">
      <Filter>Frontend</Filter>
    </ClInclude>
    <ClInclude Include="..\..\..\sources\gui\pages\GesturalScorePage.h">
      <Filter>Frontend</Filter>
    </ClInclude>
    <ClInclude Include="..\..\..\sources\gui\pictures\GesturalScorePicture.h">
      <Filter>Frontend</Filter>
    </ClInclude>
    <ClInclude Include="..\..\..\sources\gui\dialogs\GlottisDialog.h">
      <Filter>Frontend</Filter>
    </ClInclude>
    <ClInclude Include="..\..\..\sources\gui\dialogs\GlottisPanel.h">
      <Filter>Frontend</Filter>
    </ClInclude>
    <ClInclude Include="..\..\..\sources\gui\pictures\GlottisPicture.h">
      <Filter>Frontend</Filter>
    </ClInclude>
    <ClInclude Include="..\..\..\sources\gui\graphing\Graph.h">
      <Filter>Frontend</Filter>
    </ClInclude>
    <ClInclude Include="..\..\..\sources\gui\util\IconsXpm.h">
      <Filter>Frontend</Filter>
    </ClInclude>
    <ClInclude Include="..\..\..\sources\gui\dialogs\LfPulseDialog.h">
      <Filter>Frontend</Filter>
    </ClInclude>
    <ClInclude Include="..\..\..\sources\gui\pictures\LfPulsePicture.h">
      <Filter>Frontend</Filter>
    </ClInclude>
    <ClInclude Include="..\..\..\sources\gui\app\MainWindow.h">
      <Filter>Frontend</Filter>
    </ClInclude>
    <ClInclude Include="..\..\..\sources\gui\dialogs\PhoneticParamsDialog.h">
      <Filter>Frontend</Filter>
    </ClInclude>
    <ClInclude Include="..\..\..\sources\gui\dialogs\PoleZeroDialog.h">
      <Filter>Frontend</Filter>
    </ClInclude>
    <ClInclude Include="..\..\..\sources\gui\pictures\PoleZeroPlot.h">
      <Filter>Frontend</Filter>
    </ClInclude>
    <ClInclude Include="..\..\..\sources\gui\pictures\SignalComparisonPicture.h">
      <Filter>Frontend</Filter>
    </ClInclude>
    <ClInclude Include="..\..\..\sources\gui\pages\SignalPage.h">
      <Filter>Frontend</Filter>
    </ClInclude>
    <ClInclude Include="..\..\..\sources\gui\pictures\SignalPicture.h">
      <Filter>Frontend</Filter>
    </ClInclude>
    <ClInclude Include="..\..\..\sources\gui\util\SilentMessageBox.h">
      <Filter>Frontend</Filter>
    </ClInclude>
    <ClInclude Include="..\..\..\sources\gui\pictures\SimpleSpectrumPicture.h">
      <Filter>Frontend</Filter>
    </ClInclude>
    <ClInclude Include="..\..\..\sources\gui\pictures\SpectrogramPicture.h">
      <Filter>Frontend</Filter>
    </ClInclude>
    <ClInclude Include="..\..\..\sources\gui\graphing\SpectrogramPlot.h">
      <Filter>Frontend</Filter>
    </ClInclude>
    <ClInclude Include="..\..\..\sources\gui\dialogs\SpectrumOptionsDialog.h">
      <Filter>Frontend</Filter>
    </ClInclude>
    <ClInclude Include="..\..\..\sources\gui\pictures\SpectrumPicture.h">
      <Filter>Frontend</Filter>
    </ClInclude>
    <ClInclude Include="..\..\..\sources\gui\app\SynthesisThread.h">
      <Filter>Frontend</Filter>
    </ClInclude>
    <ClInclude Include="..\..\..\sources\gui\dialogs\TdsOptionsDialog.h">
      <Filter>Frontend</Filter>
    </ClInclude>
    <ClInclude Include="..\..\..\sources\gui\pages\TdsPage.h">
      <Filter>Frontend</Filter>
    </ClInclude>
    <ClInclude Include="..\..\..\sources\gui\pictures\TdsSpatialSignalPicture.h">
      <Filter>Frontend</Filter>
    </ClInclude>
    <ClInclude Include="..\..\..\sources\gui\pictures\TdsTimeSignalPicture.h">
      <Filter>Frontend</Filter>
    </ClInclude>
    <ClInclude Include="..\..\..\sources\gui\pictures\TdsTubePicture.h">
      <Filter>Frontend</Filter>
    </ClInclude>
    <ClInclude Include="..\..\..\sources\gui\pictures\TimeAxisPicture.h">
      <Filter>Frontend</Filter>
    </ClInclude>
    <ClInclude Include="..\..\..\sources\gui\dialogs\VocalTractDialog.h">
      <Filter>Frontend</Filter>
    </ClInclude>
    <ClInclude Include="..\..\..\sources\gui\pages\VocalTractPage.h">
      <Filter>Frontend</Filter>
    </ClInclude>
    <ClInclude Include="..\..\..\sources\gui\pictures\VocalTractPicture.h">
      <Filter>Frontend</Filter>
    </ClInclude>
    <ClInclude Include="..\..\..\sources\gui\dialogs\VocalTractShapesDialog.h">
      <Filter>Frontend</Filter>
    </ClInclude>
    <ClInclude Include="..\..\..\sources\vtl\anatomy\AnatomyParams.h">
      <Filter>Backend</Filter>
    </ClInclude>
    <ClInclude Include="..\..\..\sources\vtl\dsp\Dsp.h">
      <Filter>Backend</Filter>
    </ClInclude>
    <ClInclude Include="..\..\..\sources\vtl\analysis\F0EstimatorYin.h">
      <Filter>Backend</Filter>
    </ClInclude>
    <ClInclude Include="..\..\..\sources\vtl\core\Geometry.h">
      <Filter>Backend</Filter>
    </ClInclude>
    <ClInclude Include="..\..\..\sources\vtl\synthesis\GesturalScore.h">
      <Filter>Backend</Filter>
    </ClInclude>
    <ClInclude Include="..\..\..\sources\vtl\glottis\Glottis.h">
      <Filter>Backend</Filter>
    </ClInclude>
    <ClInclude Include="..\..\..\sources\vtl\dsp\IirFilter.h">
      <Filter>Backend</Filter>
    </ClInclude>
    <ClInclude Include="..\..\..\sources\vtl\glottis\LfPulse.h">
      <Filter>Backend</Filter>
    </ClInclude>
    <ClInclude Include="..\..\..\sources\vtl\core\Matrix2x2.h">
      <Filter>Backend</Filter>
    </ClInclude>
    <ClInclude Include="..\..\..\sources\vtl\analysis\PoleZeroPlan.h">
      <Filter>Backend</Filter>
    </ClInclude>
    <ClInclude Include="..\..\..\sources\vtl\phonetics\Sampa.h">
      <Filter>Backend</Filter>
    </ClInclude>
    <ClInclude Include="..\..\..\sources\vtl\phonetics\SegmentSequence.h">
      <Filter>Backend</Filter>
    </ClInclude>
    <ClInclude Include="..\..\..\sources\vtl\dsp\Signal.h">
      <Filter>Backend</Filter>
    </ClInclude>
    <ClInclude Include="..\..\..\sources\vtl\io\SoundLib.h">
      <Filter>Backend</Filter>
    </ClInclude>
    <ClInclude Include="..\..\..\sources\vtl\anatomy\Splines.h">
      <Filter>Backend</Filter>
    </ClInclude>
    <ClInclude Include="..\..\..\sources\vtl\synthesis\StaticPhone.h">
      <Filter>Backend</Filter>
    </ClInclude>
    <ClInclude Include="..\..\..\sources\vtl\anatomy\Surface.h">
      <Filter>Backend</Filter>
    </ClInclude>
    <ClInclude Include="..\..\..\sources\vtl\acoustics\TdsModel.h">
      <Filter>Backend</Filter>
    </ClInclude>
    <ClInclude Include="..\..\..\sources\vtl\core\TimeFunction.h">
      <Filter>Backend</Filter>
    </ClInclude>
    <ClInclude Include="..\..\..\sources\vtl\acoustics\TlModel.h">
      <Filter>Backend</Filter>
    </ClInclude>
    <ClInclude Include="..\..\..\sources\vtl\glottis\TriangularGlottis.h">
      <Filter>Backend</Filter>
    </ClInclude>
    <ClInclude Include="..\..\..\sources\vtl\acoustics\Tube.h">
      <Filter>Backend</Filter>
    </ClInclude>
    <ClInclude Include="..\..\..\sources\vtl\acoustics\TubeSequence.h">
      <Filter>Backend</Filter>
    </ClInclude>
    <ClInclude Include="..\..\..\sources\vtl\anatomy\VocalTract.h">
      <Filter>Backend</Filter>
    </ClInclude>
    <ClInclude Include="..\..\..\sources\vtl\analysis\VoiceQualityEstimator.h">
      <Filter>Backend</Filter>
    </ClInclude>
    <ClInclude Include="..\..\..\sources\vtl\io\XmlHelper.h">
      <Filter>Backend</Filter>
    </ClInclude>
    <ClInclude Include="..\..\..\sources\vtl\io\XmlNode.h">
      <Filter>Backend</Filter>
    </ClInclude>
    <ClInclude Include="resource.h" />
    <ClInclude Include="..\..\..\sources\gui\dialogs\TransitionDialog.h">
      <Filter>Frontend</Filter>
    </ClInclude>
    <ClInclude Include="..\..\..\sources\gui\dialogs\FormantOptimizationDialog.h">
      <Filter>Frontend</Filter>
    </ClInclude>
    <ClInclude Include="..\..\..\sources\gui\dialogs\EmaConfigDialog.h">
      <Filter>Frontend</Filter>
    </ClInclude>
    <ClInclude Include="..\..\..\sources\gui\dialogs\AnatomyParamsDialog.h">
      <Filter>Frontend</Filter>
    </ClInclude>
    <ClInclude Include="..\..\..\sources\vtl\api\VocalTractLabApi.h">
      <Filter>Backend</Filter>
    </ClInclude>
    <ClInclude Include="..\..\..\sources\vtl\core\Constants.h">
      <Filter>Backend</Filter>
    </ClInclude>
    <ClInclude Include="..\..\..\sources\vtl\io\AudioFile.h">
      <Filter>Backend</Filter>
    </ClInclude>
    <ClInclude Include="..\..\..\sources\vtl\synthesis\Synthesizer.h">
      <Filter>Backend</Filter>
    </ClInclude>
    <ClInclude Include="..\..\..\sources\vtl\glottis\GeometricGlottis2019.h">
      <Filter>Backend</Filter>
    </ClInclude>
    <ClInclude Include="..\..\..\sources\vtl\glottis\GeometricGlottis2025.h">
      <Filter>Backend</Filter>
    </ClInclude>
  </ItemGroup>
  <ItemGroup>
    <None Include="VocalTractLab2.ico" />
  </ItemGroup>
  <ItemGroup>
    <ResourceCompile Include="VocalTractLab2.rc" />
  </ItemGroup>
</Project>