<?xml version="1.0" encoding="utf-8"?>
<Project ToolsVersion="4.0" xmlns="http://schemas.microsoft.com/developer/msbuild/2003">
  <ItemGroup>
    <None Include="VocalTractLabApi.def">
      <Filter>Sources</Filter>
    </None>
  </ItemGroup>
  <ItemGroup>
    <Filter Include="Sources">
      <UniqueIdentifier>{d753fba2-8de6-4793-9a30-3c037ccaae57}</UniqueIdentifier>
    </Filter>
  </ItemGroup>
  <ItemGroup>
    <ClCompile Include="..\..\GUI\Developer\Sources\Backend\AnatomyParams.cpp">
      <Filter>Sources</Filter>
    </ClCompile>
    <ClCompile Include="..\..\GUI\Developer\Sources\Backend\Dsp.cpp">
      <Filter>Sources</Filter>
    </ClCompile>
    <ClCompile Include="..\..\GUI\Developer\Sources\Backend\F0EstimatorYin.cpp">
      <Filter>Sources</Filter>
    </ClCompile>
    <ClCompile Include="..\..\GUI\Developer\Sources\Backend\Geometry.cpp">
      <Filter>Sources</Filter>
    </ClCompile>
    <ClCompile Include="..\..\GUI\Developer\Sources\Backend\GesturalScore.cpp">
      <Filter>Sources</Filter>
    </ClCompile>
    <ClCompile Include="..\..\GUI\Developer\Sources\Backend\Glottis.cpp">
      <Filter>Sources</Filter>
    </ClCompile>
    <ClCompile Include="..\..\GUI\Developer\Sources\Backend\IirFilter.cpp">
      <Filter>Sources</Filter>
    </ClCompile>
    <ClCompile Include="..\..\GUI\Developer\Sources\Backend\LfPulse.cpp">
      <Filter>Sources</Filter>
    </ClCompile>
    <ClCompile Include="..\..\GUI\Developer\Sources\Backend\Matrix2x2.cpp">
      <Filter>Sources</Filter>
    </ClCompile>
    <ClCompile Include="..\..\GUI\Developer\Sources\Backend\PoleZeroPlan.cpp">
      <Filter>Sources</Filter>
    </ClCompile>
    <ClCompile Include="..\..\GUI\Developer\Sources\Backend\Sampa.cpp">
      <Filter>Sources</Filter>
    </ClCompile>
    <ClCompile Include="..\..\GUI\Developer\Sources\Backend\SegmentSequence.cpp">
      <Filter>Sources</Filter>
    </ClCompile>
    <ClCompile Include="..\..\GUI\Developer\Sources\Backend\Signal.cpp">
      <Filter>Sources</Filter>
    </ClCompile>
    <ClCompile Include="..\..\GUI\Developer\Sources\Backend\SoundLib.cpp">
      <Filter>Sources</Filter>
    </ClCompile>
    <ClCompile Include="..\..\GUI\Developer\Sources\Backend\Splines.cpp">
      <Filter>Sources</Filter>
    </ClCompile>
    <ClCompile Include="..\..\GUI\Developer\Sources\Backend\StaticPhone.cpp">
      <Filter>Sources</Filter>
    </ClCompile>
    <ClCompile Include="..\..\GUI\Developer\Sources\Backend\Surface.cpp">
      <Filter>Sources</Filter>
    </ClCompile>
    <ClCompile Include="..\..\GUI\Developer\Sources\Backend\TdsModel.cpp">
      <Filter>Sources</Filter>
    </ClCompile>
    <ClCompile Include="..\..\GUI\Developer\Sources\Backend\TimeFunction.cpp">
      <Filter>Sources</Filter>
    </ClCompile>
    <ClCompile Include="..\..\GUI\Developer\Sources\Backend\TlModel.cpp">
      <Filter>Sources</Filter>
    </ClCompile>
    <ClCompile Include="..\..\GUI\Developer\Sources\Backend\TriangularGlottis.cpp">
      <Filter>Sources</Filter>
    </ClCompile>
    <ClCompile Include="..\..\GUI\Developer\Sources\Backend\Tube.cpp">
      <Filter>Sources</Filter>
    </ClCompile>
    <ClCompile Include="..\..\GUI\Developer\Sources\Backend\VocalTract.cpp">
      <Filter>Sources</Filter>
    </ClCompile>
    <ClCompile Include="..\..\GUI\Developer\Sources\Backend\VoiceQualityEstimator.cpp">
      <Filter>Sources</Filter>
    </ClCompile>
    <ClCompile Include="..\..\GUI\Developer\Sources\Backend\XmlHelper.cpp">
      <Filter>Sources</Filter>
    </ClCompile>
    <ClCompile Include="..\..\GUI\Developer\Sources\Backend\XmlNode.cpp">
      <Filter>Sources</Filter>
    </ClCompile>
    <ClCompile Include="..\..\GUI\Developer\Sources\Backend\VocalTractLabApi.cpp">
      <Filter>Sources</Filter>
    </ClCompile>
    <ClCompile Include="..\..\GUI\Developer\Sources\Backend\Synthesizer.cpp">
      <Filter>Sources</Filter>
    </ClCompile>
    <ClCompile Include="..\..\GUI\Developer\Sources\Backend\Constants.cpp">
      <Filter>Sources</Filter>
    </ClCompile>
    <ClCompile Include="..\..\GUI\Developer\Sources\Backend\GeometricGlottis2019.cpp">
      <Filter>Sources</Filter>
    </ClCompile>
    <ClCompile Include="..\..\GUI\Developer\Sources\Backend\GeometricGlottis2025.cpp">
      <Filter>Sources</Filter>
    </ClCompile>
  </ItemGroup>
  <ItemGroup>
    <ClInclude Include="..\..\GUI\Developer\Sources\Backend\AnatomyParams.h">
      <Filter>Sources</Filter>
    </ClInclude>
    <ClInclude Include="..\..\GUI\Developer\Sources\Backend\AudioFile.h">
      <Filter>Sources</Filter>
    </ClInclude>
    <ClInclude Include="..\..\GUI\Developer\Sources\Backend\Dsp.h">
      <Filter>Sources</Filter>
    </ClInclude>
    <ClInclude Include="..\..\GUI\Developer\Sources\Backend\F0EstimatorYin.h">
      <Filter>Sources</Filter>
    </ClInclude>
    <ClInclude Include="..\..\GUI\Developer\Sources\Backend\Geometry.h">
      <Filter>Sources</Filter>
    </ClInclude>
    <ClInclude Include="..\..\GUI\Developer\Sources\Backend\GesturalScore.h">
      <Filter>Sources</Filter>
    </ClInclude>
    <ClInclude Include="..\..\GUI\Developer\Sources\Backend\Glottis.h">
      <Filter>Sources</Filter>
    </ClInclude>
    <ClInclude Include="..\..\GUI\Developer\Sources\Backend\IirFilter.h">
      <Filter>Sources</Filter>
    </ClInclude>
    <ClInclude Include="..\..\GUI\Developer\Sources\Backend\LfPulse.h">
      <Filter>Sources</Filter>
    </ClInclude>
    <ClInclude Include="..\..\GUI\Developer\Sources\Backend\Matrix2x2.h">
      <Filter>Sources</Filter>
    </ClInclude>
    <ClInclude Include="..\..\GUI\Developer\Sources\Backend\PoleZeroPlan.h">
      <Filter>Sources</Filter>
    </ClInclude>
    <ClInclude Include="..\..\GUI\Developer\Sources\Backend\Sampa.h">
      <Filter>Sources</Filter>
    </ClInclude>
    <ClInclude Include="..\..\GUI\Developer\Sources\Backend\SegmentSequence.h">
      <Filter>Sources</Filter>
    </ClInclude>
    <ClInclude Include="..\..\GUI\Developer\Sources\Backend\Signal.h">
      <Filter>Sources</Filter>
    </ClInclude>
    <ClInclude Include="..\..\GUI\Developer\Sources\Backend\SoundLib.h">
      <Filter>Sources</Filter>
    </ClInclude>
    <ClInclude Include="..\..\GUI\Developer\Sources\Backend\Splines.h">
      <Filter>Sources</Filter>
    </ClInclude>
    <ClInclude Include="..\..\GUI\Developer\Sources\Backend\StaticPhone.h">
      <Filter>Sources</Filter>
    </ClInclude>
    <ClInclude Include="..\..\GUI\Developer\Sources\Backend\Surface.h">
      <Filter>Sources</Filter>
    </ClInclude>
    <ClInclude Include="..\..\GUI\Developer\Sources\Backend\TdsModel.h">
      <Filter>Sources</Filter>
    </ClInclude>
    <ClInclude Include="..\..\GUI\Developer\Sources\Backend\TimeFunction.h">
      <Filter>Sources</Filter>
    </ClInclude>
    <ClInclude Include="..\..\GUI\Developer\Sources\Backend\TlModel.h">
      <Filter>Sources</Filter>
    </ClInclude>
    <ClInclude Include="..\..\GUI\Developer\Sources\Backend\TriangularGlottis.h">
      <Filter>Sources</Filter>
    </ClInclude>
    <ClInclude Include="..\..\GUI\Developer\Sources\Backend\Tube.h">
      <Filter>Sources</Filter>
    </ClInclude>
    <ClInclude Include="..\..\GUI\Developer\Sources\Backend\TubeSequence.h">
      <Filter>Sources</Filter>
    </ClInclude>
    <ClInclude Include="..\..\GUI\Developer\Sources\Backend\VocalTract.h">
      <Filter>Sources</Filter>
    </ClInclude>
    <ClInclude Include="..\..\GUI\Developer\Sources\Backend\VoiceQualityEstimator.h">
      <Filter>Sources</Filter>
    </ClInclude>
    <ClInclude Include="..\..\GUI\Developer\Sources\Backend\XmlHelper.h">
      <Filter>Sources</Filter>
    </ClInclude>
    <ClInclude Include="..\..\GUI\Developer\Sources\Backend\XmlNode.h">
      <Filter>Sources</Filter>
    </ClInclude>
    <ClInclude Include="..\..\GUI\Developer\Sources\Backend\VocalTractLabApi.h">
      <Filter>Sources</Filter>
    </ClInclude>
    <ClInclude Include="..\..\GUI\Developer\Sources\Backend\Synthesizer.h">
      <Filter>Sources</Filter>
    </ClInclude>
    <ClInclude Include="..\..\GUI\Developer\Sources\Backend\Constants.h">
      <Filter>Sources</Filter>
    </ClInclude>
    <ClInclude Include="..\..\GUI\Developer\Sources\Backend\GeometricGlottis2019.h">
      <Filter>Sources</Filter>
    </ClInclude>
    <ClInclude Include="..\..\GUI\Developer\Sources\Backend\GeometricGlottis2025.h">
      <Filter>Sources</Filter>
    </ClInclude>
  </ItemGroup>
</Project>