<?xml version="1.0" encoding="utf-8"?>
<Project ToolsVersion="4.0" xmlns="http://schemas.microsoft.com/developer/msbuild/2003">
  <ItemGroup>
    <None Include="VocalTractLabApi.def">
      <Filter>Sources</Filter>
    </None>
  </ItemGroup>
  <ItemGroup>
    <Filter Include="Sources">
      <UniqueIdentifier>{d753fba2-8de6-4793-9a30-3c037ccaae57}</UniqueIdentifier>
    </Filter>
  </ItemGroup>
  <ItemGroup>
    <ClCompile Include="..\..\GUI\Developer\Sources\Backend\anatomy\AnatomyParams.cpp">
      <Filter>Sources</Filter>
    </ClCompile>
    <ClCompile Include="..\..\GUI\Developer\Sources\Backend\dsp\Dsp.cpp">
      <Filter>Sources</Filter>
    </ClCompile>
    <ClCompile Include="..\..\GUI\Developer\Sources\Backend\analysis\F0EstimatorYin.cpp">
      <Filter>Sources</Filter>
    </ClCompile>
    <ClCompile Include="..\..\GUI\Developer\Sources\Backend\core\Geometry.cpp">
      <Filter>Sources</Filter>
    </ClCompile>
    <ClCompile Include="..\..\GUI\Developer\Sources\Backend\synthesis\GesturalScore.cpp">
      <Filter>Sources</Filter>
    </ClCompile>
    <ClCompile Include="..\..\GUI\Developer\Sources\Backend\glottis\Glottis.cpp">
      <Filter>Sources</Filter>
    </ClCompile>
    <ClCompile Include="..\..\GUI\Developer\Sources\Backend\dsp\IirFilter.cpp">
      <Filter>Sources</Filter>
    </ClCompile>
    <ClCompile Include="..\..\GUI\Developer\Sources\Backend\glottis\LfPulse.cpp">
      <Filter>Sources</Filter>
    </ClCompile>
    <ClCompile Include="..\..\GUI\Developer\Sources\Backend\core\Matrix2x2.cpp">
      <Filter>Sources</Filter>
    </ClCompile>
    <ClCompile Include="..\..\GUI\Developer\Sources\Backend\analysis\PoleZeroPlan.cpp">
      <Filter>Sources</Filter>
    </ClCompile>
    <ClCompile Include="..\..\GUI\Developer\Sources\Backend\phonetics\Sampa.cpp">
      <Filter>Sources</Filter>
    </ClCompile>
    <ClCompile Include="..\..\GUI\Developer\Sources\Backend\phonetics\SegmentSequence.cpp">
      <Filter>Sources</Filter>
    </ClCompile>
    <ClCompile Include="..\..\GUI\Developer\Sources\Backend\dsp\Signal.cpp">
      <Filter>Sources</Filter>
    </ClCompile>
    <ClCompile Include="..\..\GUI\Developer\Sources\Backend\io\SoundLib.cpp">
      <Filter>Sources</Filter>
    </ClCompile>
    <ClCompile Include="..\..\GUI\Developer\Sources\Backend\anatomy\Splines.cpp">
      <Filter>Sources</Filter>
    </ClCompile>
    <ClCompile Include="..\..\GUI\Developer\Sources\Backend\synthesis\StaticPhone.cpp">
      <Filter>Sources</Filter>
    </ClCompile>
    <ClCompile Include="..\..\GUI\Developer\Sources\Backend\anatomy\Surface.cpp">
      <Filter>Sources</Filter>
    </ClCompile>
    <ClCompile Include="..\..\GUI\Developer\Sources\Backend\acoustics\TdsModel.cpp">
      <Filter>Sources</Filter>
    </ClCompile>
    <ClCompile Include="..\..\GUI\Developer\Sources\Backend\core\TimeFunction.cpp">
      <Filter>Sources</Filter>
    </ClCompile>
    <ClCompile Include="..\..\GUI\Developer\Sources\Backend\acoustics\TlModel.cpp">
      <Filter>Sources</Filter>
    </ClCompile>
    <ClCompile Include="..\..\GUI\Developer\Sources\Backend\glottis\TriangularGlottis.cpp">
      <Filter>Sources</Filter>
    </ClCompile>
    <ClCompile Include="..\..\GUI\Developer\Sources\Backend\acoustics\Tube.cpp">
      <Filter>Sources</Filter>
    </ClCompile>
    <ClCompile Include="..\..\GUI\Developer\Sources\Backend\anatomy\VocalTract.cpp">
      <Filter>Sources</Filter>
    </ClCompile>
    <ClCompile Include="..\..\GUI\Developer\Sources\Backend\analysis\VoiceQualityEstimator.cpp">
      <Filter>Sources</Filter>
    </ClCompile>
    <ClCompile Include="..\..\GUI\Developer\Sources\Backend\io\XmlHelper.cpp">
      <Filter>Sources</Filter>
    </ClCompile>
    <ClCompile Include="..\..\GUI\Developer\Sources\Backend\io\XmlNode.cpp">
      <Filter>Sources</Filter>
    </ClCompile>
    <ClCompile Include="..\..\GUI\Developer\Sources\Backend\api\VocalTractLabApi.cpp">
      <Filter>Sources</Filter>
    </ClCompile>
    <ClCompile Include="..\..\GUI\Developer\Sources\Backend\synthesis\Synthesizer.cpp">
      <Filter>Sources</Filter>
    </ClCompile>
    <ClCompile Include="..\..\GUI\Developer\Sources\Backend\core\Constants.cpp">
      <Filter>Sources</Filter>
    </ClCompile>
    <ClCompile Include="..\..\GUI\Developer\Sources\Backend\glottis\GeometricGlottis2019.cpp">
      <Filter>Sources</Filter>
    </ClCompile>
    <ClCompile Include="..\..\GUI\Developer\Sources\Backend\glottis\GeometricGlottis2025.cpp">
      <Filter>Sources</Filter>
    </ClCompile>
  </ItemGroup>
  <ItemGroup>
    <ClInclude Include="..\..\GUI\Developer\Sources\Backend\anatomy\AnatomyParams.h">
      <Filter>Sources</Filter>
    </ClInclude>
    <ClInclude Include="..\..\GUI\Developer\Sources\Backend\io\AudioFile.h">
      <Filter>Sources</Filter>
    </ClInclude>
    <ClInclude Include="..\..\GUI\Developer\Sources\Backend\dsp\Dsp.h">
      <Filter>Sources</Filter>
    </ClInclude>
    <ClInclude Include="..\..\GUI\Developer\Sources\Backend\analysis\F0EstimatorYin.h">
      <Filter>Sources</Filter>
    </ClInclude>
    <ClInclude Include="..\..\GUI\Developer\Sources\Backend\core\Geometry.h">
      <Filter>Sources</Filter>
    </ClInclude>
    <ClInclude Include="..\..\GUI\Developer\Sources\Backend\synthesis\GesturalScore.h">
      <Filter>Sources</Filter>
    </ClInclude>
    <ClInclude Include="..\..\GUI\Developer\Sources\Backend\glottis\Glottis.h">
      <Filter>Sources</Filter>
    </ClInclude>
    <ClInclude Include="..\..\GUI\Developer\Sources\Backend\dsp\IirFilter.h">
      <Filter>Sources</Filter>
    </ClInclude>
    <ClInclude Include="..\..\GUI\Developer\Sources\Backend\glottis\LfPulse.h">
      <Filter>Sources</Filter>
    </ClInclude>
    <ClInclude Include="..\..\GUI\Developer\Sources\Backend\core\Matrix2x2.h">
      <Filter>Sources</Filter>
    </ClInclude>
    <ClInclude Include="..\..\GUI\Developer\Sources\Backend\analysis\PoleZeroPlan.h">
      <Filter>Sources</Filter>
    </ClInclude>
    <ClInclude Include="..\..\GUI\Developer\Sources\Backend\phonetics\Sampa.h">
      <Filter>Sources</Filter>
    </ClInclude>
    <ClInclude Include="..\..\GUI\Developer\Sources\Backend\phonetics\SegmentSequence.h">
      <Filter>Sources</Filter>
    </ClInclude>
    <ClInclude Include="..\..\GUI\Developer\Sources\Backend\dsp\Signal.h">
      <Filter>Sources</Filter>
    </ClInclude>
    <ClInclude Include="..\..\GUI\Developer\Sources\Backend\io\SoundLib.h">
      <Filter>Sources</Filter>
    </ClInclude>
    <ClInclude Include="..\..\GUI\Developer\Sources\Backend\anatomy\Splines.h">
      <Filter>Sources</Filter>
    </ClInclude>
    <ClInclude Include="..\..\GUI\Developer\Sources\Backend\synthesis\StaticPhone.h">
      <Filter>Sources</Filter>
    </ClInclude>
    <ClInclude Include="..\..\GUI\Developer\Sources\Backend\anatomy\Surface.h">
      <Filter>Sources</Filter>
    </ClInclude>
    <ClInclude Include="..\..\GUI\Developer\Sources\Backend\acoustics\TdsModel.h">
      <Filter>Sources</Filter>
    </ClInclude>
    <ClInclude Include="..\..\GUI\Developer\Sources\Backend\core\TimeFunction.h">
      <Filter>Sources</Filter>
    </ClInclude>
    <ClInclude Include="..\..\GUI\Developer\Sources\Backend\acoustics\TlModel.h">
      <Filter>Sources</Filter>
    </ClInclude>
    <ClInclude Include="..\..\GUI\Developer\Sources\Backend\glottis\TriangularGlottis.h">
      <Filter>Sources</Filter>
    </ClInclude>
    <ClInclude Include="..\..\GUI\Developer\Sources\Backend\acoustics\Tube.h">
      <Filter>Sources</Filter>
    </ClInclude>
    <ClInclude Include="..\..\GUI\Developer\Sources\Backend\acoustics\TubeSequence.h">
      <Filter>Sources</Filter>
    </ClInclude>
    <ClInclude Include="..\..\GUI\Developer\Sources\Backend\anatomy\VocalTract.h">
      <Filter>Sources</Filter>
    </ClInclude>
    <ClInclude Include="..\..\GUI\Developer\Sources\Backend\analysis\VoiceQualityEstimator.h">
      <Filter>Sources</Filter>
    </ClInclude>
    <ClInclude Include="..\..\GUI\Developer\Sources\Backend\io\XmlHelper.h">
      <Filter>Sources</Filter>
    </ClInclude>
    <ClInclude Include="..\..\GUI\Developer\Sources\Backend\io\XmlNode.h">
      <Filter>Sources</Filter>
    </ClInclude>
    <ClInclude Include="..\..\GUI\Developer\Sources\Backend\api\VocalTractLabApi.h">
      <Filter>Sources</Filter>
    </ClInclude>
    <ClInclude Include="..\..\GUI\Developer\Sources\Backend\synthesis\Synthesizer.h">
      <Filter>Sources</Filter>
    </ClInclude>
    <ClInclude Include="..\..\GUI\Developer\Sources\Backend\core\Constants.h">
      <Filter>Sources</Filter>
    </ClInclude>
    <ClInclude Include="..\..\GUI\Developer\Sources\Backend\glottis\GeometricGlottis2019.h">
      <Filter>Sources</Filter>
    </ClInclude>
    <ClInclude Include="..\..\GUI\Developer\Sources\Backend\glottis\GeometricGlottis2025.h">
      <Filter>Sources</Filter>
    </ClInclude>
  </ItemGroup>
</Project>